# @generated by Move, please check-in and do not edit manually.

[move]
version = 3
manifest_digest = "DA79235E8AF08765F16EF8D7E1B4B2621C7CEFC3207B1C634B9B5BF8F2C0136B"
deps_digest = "F8BBB0CCB2491CA29A3DF03D6F92277A4F3574266507ACD77214D37ECA3F3082"
dependencies = [
  { id = "Sui", name = "Sui" },
]

[[move.package]]
id = "MoveStdlib"
source = { git = "https://github.com/MystenLabs/sui.git", rev = "framework/mainnet", subdir = "crates/sui-framework/packages/move-stdlib" }

[[move.package]]
id = "Sui"
source = { git = "https://github.com/MystenLabs/sui.git", rev = "framework/mainnet", subdir = "crates/sui-framework/packages/sui-framework" }

dependencies = [
  { id = "MoveStdlib", name = "MoveStdlib" },
]

[move.toolchain-version]
compiler-version = "1.36.0"
edition = "2024.beta"
flavor = "sui"

[env]

[env.mainnet]
chain-id = "35834a8a"
original-published-id = "0xd94252d8e5f5561ada000d29bb6437d2f45d94811099d3d230ce87ee56a89cab"
latest-published-id = "0x17b106024a78a1890ac2ac22f7c262b7d38c944a67aee4b26b82cfb490d3a655"
published-version = "2"

[env.local]
chain-id = "ca2df3f6"
original-published-id = "0x194ed338f65520a90c70054a67dd4633a167c3f22c2a94fe26ca616168f42b42"
latest-published-id = "0x194ed338f65520a90c70054a67dd4633a167c3f22c2a94fe26ca616168f42b42"
published-version = "1"
